Microsoft Visual Studio Solution File, Format Version 12.00
# Visual Studio 15
Project("{8BC9CEB8-8B4A-11D0-8D11-00A0C91BC942}") = "ALL_BUILD", "ALL_BUILD.vcxproj", "{3F12354F-3D89-364D-86A2-5EECFC671EE1}"
	ProjectSection(ProjectDependencies) = postProject
		{F0F35450-D81F-3CD7-AC5A-A8DEBCA18A0A} = {F0F35450-D81F-3CD7-AC5A-A8DEBCA18A0A}
	EndProjectSection
EndProject
Project("{8BC9CEB8-8B4A-11D0-8D11-00A0C91BC942}") = "INSTALL", "INSTALL.vcxproj", "{3C5A4232-31F6-3E07-82C3-0B90D99518E3}"
	ProjectSection(ProjectDependencies) = postProject
		{3F12354F-3D89-364D-86A2-5EECFC671EE1} = {3F12354F-3D89-364D-86A2-5EECFC671EE1}
		{F0F35450-D81F-3CD7-AC5A-A8DEBCA18A0A} = {F0F35450-D81F-3CD7-AC5A-A8DEBCA18A0A}
	EndProjectSection
EndProject
Project("{8BC9CEB8-8B4A-11D0-8D11-00A0C91BC942}") = "ZERO_CHECK", "ZERO_CHECK.vcxproj", "{F0F35450-D81F-3CD7-AC5A-A8DEBCA18A0A}"
	ProjectSection(ProjectDependencies) = postProject
	EndProjectSection
EndProject
Project("{8BC9CEB8-8B4A-11D0-8D11-00A0C91BC942}") = "check", "check.vcxproj", "{C631766E-548D-337E-8139-74E1FBB1DEB1}"
	ProjectSection(ProjectDependencies) = postProject
		{F0F35450-D81F-3CD7-AC5A-A8DEBCA18A0A} = {F0F35450-D81F-3CD7-AC5A-A8DEBCA18A0A}
		{5E394B5F-88F0-309F-A033-5541DB350F9C} = {5E394B5F-88F0-309F-A033-5541DB350F9C}
		{C6FB4A84-4B4B-3040-BB9A-EC7D542F6D81} = {C6FB4A84-4B4B-3040-BB9A-EC7D542F6D81}
		{F3704A37-FC2E-3E30-8929-419C02887B15} = {F3704A37-FC2E-3E30-8929-419C02887B15}
		{10A7C0AE-EC57-3EE6-99FD-2C96994309FD} = {10A7C0AE-EC57-3EE6-99FD-2C96994309FD}
		{78594421-F9D0-36DA-B026-A2EBDF33EFF1} = {78594421-F9D0-36DA-B026-A2EBDF33EFF1}
	EndProjectSection
EndProject
Project("{8BC9CEB8-8B4A-11D0-8D11-00A0C91BC942}") = "check_det_by_minor_c", "test_more\compare_c\check_det_by_minor_c.vcxproj", "{75A02BFA-A453-3555-9AB2-D02DDF4D6844}"
	ProjectSection(ProjectDependencies) = postProject
		{F0F35450-D81F-3CD7-AC5A-A8DEBCA18A0A} = {F0F35450-D81F-3CD7-AC5A-A8DEBCA18A0A}
		{43E59E3B-AEFA-3168-B2CB-81B58F4CD3AB} = {43E59E3B-AEFA-3168-B2CB-81B58F4CD3AB}
	EndProjectSection
EndProject
Project("{8BC9CEB8-8B4A-11D0-8D11-00A0C91BC942}") = "check_det_by_minor_cpp", "test_more\compare_c\check_det_by_minor_cpp.vcxproj", "{0BCB923B-B721-3C5B-B7D4-A134C823F0AA}"
	ProjectSection(ProjectDependencies) = postProject
		{F0F35450-D81F-3CD7-AC5A-A8DEBCA18A0A} = {F0F35450-D81F-3CD7-AC5A-A8DEBCA18A0A}
		{AD3FAF30-4CAF-35C4-8945-5644B9921F3A} = {AD3FAF30-4CAF-35C4-8945-5644B9921F3A}
	EndProjectSection
EndProject
Project("{8BC9CEB8-8B4A-11D0-8D11-00A0C91BC942}") = "check_example", "example\check_example.vcxproj", "{5E394B5F-88F0-309F-A033-5541DB350F9C}"
	ProjectSection(ProjectDependencies) = postProject
		{F0F35450-D81F-3CD7-AC5A-A8DEBCA18A0A} = {F0F35450-D81F-3CD7-AC5A-A8DEBCA18A0A}
		{FF10DA8F-DEC0-3D8D-9402-6D82A4837429} = {FF10DA8F-DEC0-3D8D-9402-6D82A4837429}
		{8519D299-DDD2-3F58-9649-9C98EF9F8FAD} = {8519D299-DDD2-3F58-9649-9C98EF9F8FAD}
		{7A217587-D13D-3370-A5DC-A6AD3F0C7F90} = {7A217587-D13D-3370-A5DC-A6AD3F0C7F90}
		{38FA74DC-5DD0-3E19-94BE-B991636DFF33} = {38FA74DC-5DD0-3E19-94BE-B991636DFF33}
		{64C44DA8-6749-3BC9-B4E8-74B2C604D5F0} = {64C44DA8-6749-3BC9-B4E8-74B2C604D5F0}
		{680799D0-A95E-3218-B756-E3AFF5E8C299} = {680799D0-A95E-3218-B756-E3AFF5E8C299}
		{AD919058-A5BF-3B35-BA58-5697C92C8764} = {AD919058-A5BF-3B35-BA58-5697C92C8764}
		{F1BE1FB6-1D53-3BFF-AC17-4ACA7C3F53D5} = {F1BE1FB6-1D53-3BFF-AC17-4ACA7C3F53D5}
		{AFAA9D10-BECE-3D7A-AE43-2AC98CC82880} = {AFAA9D10-BECE-3D7A-AE43-2AC98CC82880}
		{B7FD5690-A3B1-3753-A2C6-B97A824273FC} = {B7FD5690-A3B1-3753-A2C6-B97A824273FC}
	EndProjectSection
EndProject
Project("{8BC9CEB8-8B4A-11D0-8D11-00A0C91BC942}") = "check_example_abs_normal", "example\abs_normal\check_example_abs_normal.vcxproj", "{FF10DA8F-DEC0-3D8D-9402-6D82A4837429}"
	ProjectSection(ProjectDependencies) = postProject
		{F0F35450-D81F-3CD7-AC5A-A8DEBCA18A0A} = {F0F35450-D81F-3CD7-AC5A-A8DEBCA18A0A}
		{34822D6C-4C74-3516-802A-761C136878B0} = {34822D6C-4C74-3516-802A-761C136878B0}
	EndProjectSection
EndProject
Project("{8BC9CEB8-8B4A-11D0-8D11-00A0C91BC942}") = "check_example_atomic", "example\atomic\check_example_atomic.vcxproj", "{8519D299-DDD2-3F58-9649-9C98EF9F8FAD}"
	ProjectSection(ProjectDependencies) = postProject
		{F0F35450-D81F-3CD7-AC5A-A8DEBCA18A0A} = {F0F35450-D81F-3CD7-AC5A-A8DEBCA18A0A}
		{2296027C-F08A-3982-A54F-A5E1393C2954} = {2296027C-F08A-3982-A54F-A5E1393C2954}
	EndProjectSection
EndProject
Project("{8BC9CEB8-8B4A-11D0-8D11-00A0C91BC942}") = "check_example_deprecated", "example\deprecated\check_example_deprecated.vcxproj", "{7A217587-D13D-3370-A5DC-A6AD3F0C7F90}"
	ProjectSection(ProjectDependencies) = postProject
		{F0F35450-D81F-3CD7-AC5A-A8DEBCA18A0A} = {F0F35450-D81F-3CD7-AC5A-A8DEBCA18A0A}
		{82D4CD62-A7F7-3951-9DB6-DB14A4B16907} = {82D4CD62-A7F7-3951-9DB6-DB14A4B16907}
	EndProjectSection
EndProject
Project("{8BC9CEB8-8B4A-11D0-8D11-00A0C91BC942}") = "check_example_general", "example\general\check_example_general.vcxproj", "{38FA74DC-5DD0-3E19-94BE-B991636DFF33}"
	ProjectSection(ProjectDependencies) = postProject
		{F0F35450-D81F-3CD7-AC5A-A8DEBCA18A0A} = {F0F35450-D81F-3CD7-AC5A-A8DEBCA18A0A}
		{38AF54FD-3643-3863-878A-FA75E2F6DCB2} = {38AF54FD-3643-3863-878A-FA75E2F6DCB2}
	EndProjectSection
EndProject
Project("{8BC9CEB8-8B4A-11D0-8D11-00A0C91BC942}") = "check_example_get_started", "example\get_started\check_example_get_started.vcxproj", "{64C44DA8-6749-3BC9-B4E8-74B2C604D5F0}"
	ProjectSection(ProjectDependencies) = postProject
		{F0F35450-D81F-3CD7-AC5A-A8DEBCA18A0A} = {F0F35450-D81F-3CD7-AC5A-A8DEBCA18A0A}
		{74934CB2-1796-3CF5-9475-95D8C1088000} = {74934CB2-1796-3CF5-9475-95D8C1088000}
	EndProjectSection
EndProject
Project("{8BC9CEB8-8B4A-11D0-8D11-00A0C91BC942}") = "check_example_ipopt_solve", "example\ipopt_solve\check_example_ipopt_solve.vcxproj", "{680799D0-A95E-3218-B756-E3AFF5E8C299}"
	ProjectSection(ProjectDependencies) = postProject
		{F0F35450-D81F-3CD7-AC5A-A8DEBCA18A0A} = {F0F35450-D81F-3CD7-AC5A-A8DEBCA18A0A}
		{5856EFBE-3F6A-37E6-BF00-678FA754E505} = {5856EFBE-3F6A-37E6-BF00-678FA754E505}
	EndProjectSection
EndProject
Project("{8BC9CEB8-8B4A-11D0-8D11-00A0C91BC942}") = "check_example_multi_thread", "example\multi_thread\check_example_multi_thread.vcxproj", "{C6FB4A84-4B4B-3040-BB9A-EC7D542F6D81}"
	ProjectSection(ProjectDependencies) = postProject
		{F0F35450-D81F-3CD7-AC5A-A8DEBCA18A0A} = {F0F35450-D81F-3CD7-AC5A-A8DEBCA18A0A}
		{CB0D93FC-1E3A-3514-85CE-11DF848AB6C5} = {CB0D93FC-1E3A-3514-85CE-11DF848AB6C5}
	EndProjectSection
EndProject
Project("{8BC9CEB8-8B4A-11D0-8D11-00A0C91BC942}") = "check_example_multi_thread_openmp", "example\multi_thread\openmp\check_example_multi_thread_openmp.vcxproj", "{CB0D93FC-1E3A-3514-85CE-11DF848AB6C5}"
	ProjectSection(ProjectDependencies) = postProject
		{F0F35450-D81F-3CD7-AC5A-A8DEBCA18A0A} = {F0F35450-D81F-3CD7-AC5A-A8DEBCA18A0A}
		{021F00A2-B2A9-308A-8F95-64D9195D0D5A} = {021F00A2-B2A9-308A-8F95-64D9195D0D5A}
	EndProjectSection
EndProject
Project("{8BC9CEB8-8B4A-11D0-8D11-00A0C91BC942}") = "check_example_optimize", "example\optimize\check_example_optimize.vcxproj", "{AD919058-A5BF-3B35-BA58-5697C92C8764}"
	ProjectSection(ProjectDependencies) = postProject
		{F0F35450-D81F-3CD7-AC5A-A8DEBCA18A0A} = {F0F35450-D81F-3CD7-AC5A-A8DEBCA18A0A}
		{34566AE2-6BFD-3CFD-B41B-AF51DDDE4461} = {34566AE2-6BFD-3CFD-B41B-AF51DDDE4461}
	EndProjectSection
EndProject
Project("{8BC9CEB8-8B4A-11D0-8D11-00A0C91BC942}") = "check_example_print_for", "example\print_for\check_example_print_for.vcxproj", "{F1BE1FB6-1D53-3BFF-AC17-4ACA7C3F53D5}"
	ProjectSection(ProjectDependencies) = postProject
		{F0F35450-D81F-3CD7-AC5A-A8DEBCA18A0A} = {F0F35450-D81F-3CD7-AC5A-A8DEBCA18A0A}
		{ECB6225B-17FD-3BBC-B511-221B0B0BE543} = {ECB6225B-17FD-3BBC-B511-221B0B0BE543}
	EndProjectSection
EndProject
Project("{8BC9CEB8-8B4A-11D0-8D11-00A0C91BC942}") = "check_example_sparse", "example\sparse\check_example_sparse.vcxproj", "{AFAA9D10-BECE-3D7A-AE43-2AC98CC82880}"
	ProjectSection(ProjectDependencies) = postProject
		{F0F35450-D81F-3CD7-AC5A-A8DEBCA18A0A} = {F0F35450-D81F-3CD7-AC5A-A8DEBCA18A0A}
		{0E8C8CEA-FC21-37AD-9B93-77C8998B19BB} = {0E8C8CEA-FC21-37AD-9B93-77C8998B19BB}
	EndProjectSection
EndProject
Project("{8BC9CEB8-8B4A-11D0-8D11-00A0C91BC942}") = "check_example_utility", "example\utility\check_example_utility.vcxproj", "{B7FD5690-A3B1-3753-A2C6-B97A824273FC}"
	ProjectSection(ProjectDependencies) = postProject
		{F0F35450-D81F-3CD7-AC5A-A8DEBCA18A0A} = {F0F35450-D81F-3CD7-AC5A-A8DEBCA18A0A}
		{B8F12F88-A998-3BC7-AD8E-A8F946658747} = {B8F12F88-A998-3BC7-AD8E-A8F946658747}
	EndProjectSection
EndProject
Project("{8BC9CEB8-8B4A-11D0-8D11-00A0C91BC942}") = "check_introduction", "introduction\check_introduction.vcxproj", "{F3704A37-FC2E-3E30-8929-419C02887B15}"
	ProjectSection(ProjectDependencies) = postProject
		{F0F35450-D81F-3CD7-AC5A-A8DEBCA18A0A} = {F0F35450-D81F-3CD7-AC5A-A8DEBCA18A0A}
		{29EB4D9E-D55C-3C97-B90B-CD405290F970} = {29EB4D9E-D55C-3C97-B90B-CD405290F970}
	EndProjectSection
EndProject
Project("{8BC9CEB8-8B4A-11D0-8D11-00A0C91BC942}") = "check_speed", "speed\check_speed.vcxproj", "{10A7C0AE-EC57-3EE6-99FD-2C96994309FD}"
	ProjectSection(ProjectDependencies) = postProject
		{F0F35450-D81F-3CD7-AC5A-A8DEBCA18A0A} = {F0F35450-D81F-3CD7-AC5A-A8DEBCA18A0A}
		{4F211BBC-5817-318C-851B-6940C378B9C2} = {4F211BBC-5817-318C-851B-6940C378B9C2}
		{2AC952FA-ED5E-3AAF-AE00-A889D698D7D8} = {2AC952FA-ED5E-3AAF-AE00-A889D698D7D8}
		{63E9C8CD-CB47-3F98-A780-B7162C9DB3F1} = {63E9C8CD-CB47-3F98-A780-B7162C9DB3F1}
	EndProjectSection
EndProject
Project("{8BC9CEB8-8B4A-11D0-8D11-00A0C91BC942}") = "check_speed_cppad", "speed\cppad\check_speed_cppad.vcxproj", "{4F211BBC-5817-318C-851B-6940C378B9C2}"
	ProjectSection(ProjectDependencies) = postProject
		{F0F35450-D81F-3CD7-AC5A-A8DEBCA18A0A} = {F0F35450-D81F-3CD7-AC5A-A8DEBCA18A0A}
		{207FBDD7-5B8C-3E76-94A5-909D802723A9} = {207FBDD7-5B8C-3E76-94A5-909D802723A9}
		{63168FFE-9D37-381B-932C-9A1431624769} = {63168FFE-9D37-381B-932C-9A1431624769}
	EndProjectSection
EndProject
Project("{8BC9CEB8-8B4A-11D0-8D11-00A0C91BC942}") = "check_speed_double", "speed\double\check_speed_double.vcxproj", "{2AC952FA-ED5E-3AAF-AE00-A889D698D7D8}"
	ProjectSection(ProjectDependencies) = postProject
		{F0F35450-D81F-3CD7-AC5A-A8DEBCA18A0A} = {F0F35450-D81F-3CD7-AC5A-A8DEBCA18A0A}
		{6525FA04-AEC6-37C9-B03E-8593A6E313D5} = {6525FA04-AEC6-37C9-B03E-8593A6E313D5}
		{63168FFE-9D37-381B-932C-9A1431624769} = {63168FFE-9D37-381B-932C-9A1431624769}
	EndProjectSection
EndProject
Project("{8BC9CEB8-8B4A-11D0-8D11-00A0C91BC942}") = "check_speed_example", "speed\example\check_speed_example.vcxproj", "{63E9C8CD-CB47-3F98-A780-B7162C9DB3F1}"
	ProjectSection(ProjectDependencies) = postProject
		{F0F35450-D81F-3CD7-AC5A-A8DEBCA18A0A} = {F0F35450-D81F-3CD7-AC5A-A8DEBCA18A0A}
		{1E33A401-1E26-3115-983B-61CB72F6DCA8} = {1E33A401-1E26-3115-983B-61CB72F6DCA8}
		{63168FFE-9D37-381B-932C-9A1431624769} = {63168FFE-9D37-381B-932C-9A1431624769}
	EndProjectSection
EndProject
Project("{8BC9CEB8-8B4A-11D0-8D11-00A0C91BC942}") = "check_test_more", "test_more\check_test_more.vcxproj", "{78594421-F9D0-36DA-B026-A2EBDF33EFF1}"
	ProjectSection(ProjectDependencies) = postProject
		{F0F35450-D81F-3CD7-AC5A-A8DEBCA18A0A} = {F0F35450-D81F-3CD7-AC5A-A8DEBCA18A0A}
		{CE4285BE-3FDE-3BF3-AF53-1F9968E6495C} = {CE4285BE-3FDE-3BF3-AF53-1F9968E6495C}
		{07D06DEA-8EF0-3982-84CF-28F2B99D3460} = {07D06DEA-8EF0-3982-84CF-28F2B99D3460}
		{B4E798BF-EEEC-3BF1-AEE6-47BCAE42E65A} = {B4E798BF-EEEC-3BF1-AEE6-47BCAE42E65A}
	EndProjectSection
EndProject
Project("{8BC9CEB8-8B4A-11D0-8D11-00A0C91BC942}") = "check_test_more_compare_c", "test_more\compare_c\check_test_more_compare_c.vcxproj", "{CE4285BE-3FDE-3BF3-AF53-1F9968E6495C}"
	ProjectSection(ProjectDependencies) = postProject
		{F0F35450-D81F-3CD7-AC5A-A8DEBCA18A0A} = {F0F35450-D81F-3CD7-AC5A-A8DEBCA18A0A}
		{75A02BFA-A453-3555-9AB2-D02DDF4D6844} = {75A02BFA-A453-3555-9AB2-D02DDF4D6844}
		{0BCB923B-B721-3C5B-B7D4-A134C823F0AA} = {0BCB923B-B721-3C5B-B7D4-A134C823F0AA}
	EndProjectSection
EndProject
Project("{8BC9CEB8-8B4A-11D0-8D11-00A0C91BC942}") = "check_test_more_debug_rel", "test_more\debug_rel\check_test_more_debug_rel.vcxproj", "{07D06DEA-8EF0-3982-84CF-28F2B99D3460}"
	ProjectSection(ProjectDependencies) = postProject
		{F0F35450-D81F-3CD7-AC5A-A8DEBCA18A0A} = {F0F35450-D81F-3CD7-AC5A-A8DEBCA18A0A}
		{FC7596FC-95D3-3867-95FF-D2986EBABB21} = {FC7596FC-95D3-3867-95FF-D2986EBABB21}
	EndProjectSection
EndProject
Project("{8BC9CEB8-8B4A-11D0-8D11-00A0C91BC942}") = "check_test_more_general", "test_more\general\check_test_more_general.vcxproj", "{B4E798BF-EEEC-3BF1-AEE6-47BCAE42E65A}"
	ProjectSection(ProjectDependencies) = postProject
		{F0F35450-D81F-3CD7-AC5A-A8DEBCA18A0A} = {F0F35450-D81F-3CD7-AC5A-A8DEBCA18A0A}
		{D94D9A2C-3BAB-36F2-B57E-5B497D7A4A41} = {D94D9A2C-3BAB-36F2-B57E-5B497D7A4A41}
	EndProjectSection
EndProject
Project("{8BC9CEB8-8B4A-11D0-8D11-00A0C91BC942}") = "det_by_minor_c", "test_more\compare_c\det_by_minor_c.vcxproj", "{43E59E3B-AEFA-3168-B2CB-81B58F4CD3AB}"
	ProjectSection(ProjectDependencies) = postProject
		{F0F35450-D81F-3CD7-AC5A-A8DEBCA18A0A} = {F0F35450-D81F-3CD7-AC5A-A8DEBCA18A0A}
	EndProjectSection
EndProject
Project("{8BC9CEB8-8B4A-11D0-8D11-00A0C91BC942}") = "det_by_minor_cpp", "test_more\compare_c\det_by_minor_cpp.vcxproj", "{AD3FAF30-4CAF-35C4-8945-5644B9921F3A}"
	ProjectSection(ProjectDependencies) = postProject
		{F0F35450-D81F-3CD7-AC5A-A8DEBCA18A0A} = {F0F35450-D81F-3CD7-AC5A-A8DEBCA18A0A}
	EndProjectSection
EndProject
Project("{8BC9CEB8-8B4A-11D0-8D11-00A0C91BC942}") = "example_abs_normal", "example\abs_normal\example_abs_normal.vcxproj", "{34822D6C-4C74-3516-802A-761C136878B0}"
	ProjectSection(ProjectDependencies) = postProject
		{F0F35450-D81F-3CD7-AC5A-A8DEBCA18A0A} = {F0F35450-D81F-3CD7-AC5A-A8DEBCA18A0A}
	EndProjectSection
EndProject
Project("{8BC9CEB8-8B4A-11D0-8D11-00A0C91BC942}") = "example_atomic", "example\atomic\example_atomic.vcxproj", "{2296027C-F08A-3982-A54F-A5E1393C2954}"
	ProjectSection(ProjectDependencies) = postProject
		{F0F35450-D81F-3CD7-AC5A-A8DEBCA18A0A} = {F0F35450-D81F-3CD7-AC5A-A8DEBCA18A0A}
	EndProjectSection
EndProject
Project("{8BC9CEB8-8B4A-11D0-8D11-00A0C91BC942}") = "example_deprecated", "example\deprecated\example_deprecated.vcxproj", "{82D4CD62-A7F7-3951-9DB6-DB14A4B16907}"
	ProjectSection(ProjectDependencies) = postProject
		{F0F35450-D81F-3CD7-AC5A-A8DEBCA18A0A} = {F0F35450-D81F-3CD7-AC5A-A8DEBCA18A0A}
	EndProjectSection
EndProject
Project("{8BC9CEB8-8B4A-11D0-8D11-00A0C91BC942}") = "example_general", "example\general\example_general.vcxproj", "{38AF54FD-3643-3863-878A-FA75E2F6DCB2}"
	ProjectSection(ProjectDependencies) = postProject
		{F0F35450-D81F-3CD7-AC5A-A8DEBCA18A0A} = {F0F35450-D81F-3CD7-AC5A-A8DEBCA18A0A}
	EndProjectSection
EndProject
Project("{8BC9CEB8-8B4A-11D0-8D11-00A0C91BC942}") = "example_get_started", "example\get_started\example_get_started.vcxproj", "{74934CB2-1796-3CF5-9475-95D8C1088000}"
	ProjectSection(ProjectDependencies) = postProject
		{F0F35450-D81F-3CD7-AC5A-A8DEBCA18A0A} = {F0F35450-D81F-3CD7-AC5A-A8DEBCA18A0A}
	EndProjectSection
EndProject
Project("{8BC9CEB8-8B4A-11D0-8D11-00A0C91BC942}") = "example_ipopt_solve", "example\ipopt_solve\example_ipopt_solve.vcxproj", "{5856EFBE-3F6A-37E6-BF00-678FA754E505}"
	ProjectSection(ProjectDependencies) = postProject
		{F0F35450-D81F-3CD7-AC5A-A8DEBCA18A0A} = {F0F35450-D81F-3CD7-AC5A-A8DEBCA18A0A}
	EndProjectSection
EndProject
Project("{8BC9CEB8-8B4A-11D0-8D11-00A0C91BC942}") = "example_multi_thread_openmp", "example\multi_thread\openmp\example_multi_thread_openmp.vcxproj", "{021F00A2-B2A9-308A-8F95-64D9195D0D5A}"
	ProjectSection(ProjectDependencies) = postProject
		{F0F35450-D81F-3CD7-AC5A-A8DEBCA18A0A} = {F0F35450-D81F-3CD7-AC5A-A8DEBCA18A0A}
	EndProjectSection
EndProject
Project("{8BC9CEB8-8B4A-11D0-8D11-00A0C91BC942}") = "example_optimize", "example\optimize\example_optimize.vcxproj", "{34566AE2-6BFD-3CFD-B41B-AF51DDDE4461}"
	ProjectSection(ProjectDependencies) = postProject
		{F0F35450-D81F-3CD7-AC5A-A8DEBCA18A0A} = {F0F35450-D81F-3CD7-AC5A-A8DEBCA18A0A}
	EndProjectSection
EndProject
Project("{8BC9CEB8-8B4A-11D0-8D11-00A0C91BC942}") = "example_print_for", "example\print_for\example_print_for.vcxproj", "{ECB6225B-17FD-3BBC-B511-221B0B0BE543}"
	ProjectSection(ProjectDependencies) = postProject
		{F0F35450-D81F-3CD7-AC5A-A8DEBCA18A0A} = {F0F35450-D81F-3CD7-AC5A-A8DEBCA18A0A}
	EndProjectSection
EndProject
Project("{8BC9CEB8-8B4A-11D0-8D11-00A0C91BC942}") = "example_sparse", "example\sparse\example_sparse.vcxproj", "{0E8C8CEA-FC21-37AD-9B93-77C8998B19BB}"
	ProjectSection(ProjectDependencies) = postProject
		{F0F35450-D81F-3CD7-AC5A-A8DEBCA18A0A} = {F0F35450-D81F-3CD7-AC5A-A8DEBCA18A0A}
	EndProjectSection
EndProject
Project("{8BC9CEB8-8B4A-11D0-8D11-00A0C91BC942}") = "example_utility", "example\utility\example_utility.vcxproj", "{B8F12F88-A998-3BC7-AD8E-A8F946658747}"
	ProjectSection(ProjectDependencies) = postProject
		{F0F35450-D81F-3CD7-AC5A-A8DEBCA18A0A} = {F0F35450-D81F-3CD7-AC5A-A8DEBCA18A0A}
	EndProjectSection
EndProject
Project("{8BC9CEB8-8B4A-11D0-8D11-00A0C91BC942}") = "introduction", "introduction\introduction.vcxproj", "{29EB4D9E-D55C-3C97-B90B-CD405290F970}"
	ProjectSection(ProjectDependencies) = postProject
		{F0F35450-D81F-3CD7-AC5A-A8DEBCA18A0A} = {F0F35450-D81F-3CD7-AC5A-A8DEBCA18A0A}
	EndProjectSection
EndProject
Project("{8BC9CEB8-8B4A-11D0-8D11-00A0C91BC942}") = "speed_cppad", "speed\cppad\speed_cppad.vcxproj", "{207FBDD7-5B8C-3E76-94A5-909D802723A9}"
	ProjectSection(ProjectDependencies) = postProject
		{F0F35450-D81F-3CD7-AC5A-A8DEBCA18A0A} = {F0F35450-D81F-3CD7-AC5A-A8DEBCA18A0A}
		{63168FFE-9D37-381B-932C-9A1431624769} = {63168FFE-9D37-381B-932C-9A1431624769}
	EndProjectSection
EndProject
Project("{8BC9CEB8-8B4A-11D0-8D11-00A0C91BC942}") = "speed_double", "speed\double\speed_double.vcxproj", "{6525FA04-AEC6-37C9-B03E-8593A6E313D5}"
	ProjectSection(ProjectDependencies) = postProject
		{F0F35450-D81F-3CD7-AC5A-A8DEBCA18A0A} = {F0F35450-D81F-3CD7-AC5A-A8DEBCA18A0A}
		{63168FFE-9D37-381B-932C-9A1431624769} = {63168FFE-9D37-381B-932C-9A1431624769}
	EndProjectSection
EndProject
Project("{8BC9CEB8-8B4A-11D0-8D11-00A0C91BC942}") = "speed_example", "speed\example\speed_example.vcxproj", "{1E33A401-1E26-3115-983B-61CB72F6DCA8}"
	ProjectSection(ProjectDependencies) = postProject
		{F0F35450-D81F-3CD7-AC5A-A8DEBCA18A0A} = {F0F35450-D81F-3CD7-AC5A-A8DEBCA18A0A}
	EndProjectSection
EndProject
Project("{8BC9CEB8-8B4A-11D0-8D11-00A0C91BC942}") = "speed_src", "speed\src\speed_src.vcxproj", "{63168FFE-9D37-381B-932C-9A1431624769}"
	ProjectSection(ProjectDependencies) = postProject
		{F0F35450-D81F-3CD7-AC5A-A8DEBCA18A0A} = {F0F35450-D81F-3CD7-AC5A-A8DEBCA18A0A}
	EndProjectSection
EndProject
Project("{8BC9CEB8-8B4A-11D0-8D11-00A0C91BC942}") = "test_more_debug_rel", "test_more\debug_rel\test_more_debug_rel.vcxproj", "{FC7596FC-95D3-3867-95FF-D2986EBABB21}"
	ProjectSection(ProjectDependencies) = postProject
		{F0F35450-D81F-3CD7-AC5A-A8DEBCA18A0A} = {F0F35450-D81F-3CD7-AC5A-A8DEBCA18A0A}
	EndProjectSection
EndProject
Project("{8BC9CEB8-8B4A-11D0-8D11-00A0C91BC942}") = "test_more_general", "test_more\general\test_more_general.vcxproj", "{D94D9A2C-3BAB-36F2-B57E-5B497D7A4A41}"
	ProjectSection(ProjectDependencies) = postProject
		{F0F35450-D81F-3CD7-AC5A-A8DEBCA18A0A} = {F0F35450-D81F-3CD7-AC5A-A8DEBCA18A0A}
	EndProjectSection
EndProject
Global
	GlobalSection(SolutionConfigurationPlatforms) = preSolution
		Debug|Win32 = Debug|Win32
		Release|Win32 = Release|Win32
		MinSizeRel|Win32 = MinSizeRel|Win32
		RelWithDebInfo|Win32 = RelWithDebInfo|Win32
	EndGlobalSection
	GlobalSection(ProjectConfigurationPlatforms) = postSolution
		{3F12354F-3D89-364D-86A2-5EECFC671EE1}.Debug|Win32.ActiveCfg = Debug|Win32
		{3F12354F-3D89-364D-86A2-5EECFC671EE1}.Debug|Win32.Build.0 = Debug|Win32
		{3F12354F-3D89-364D-86A2-5EECFC671EE1}.Release|Win32.ActiveCfg = Release|Win32
		{3F12354F-3D89-364D-86A2-5EECFC671EE1}.Release|Win32.Build.0 = Release|Win32
		{3F12354F-3D89-364D-86A2-5EECFC671EE1}.MinSizeRel|Win32.ActiveCfg = MinSizeRel|Win32
		{3F12354F-3D89-364D-86A2-5EECFC671EE1}.MinSizeRel|Win32.Build.0 = MinSizeRel|Win32
		{3F12354F-3D89-364D-86A2-5EECFC671EE1}.RelWithDebInfo|Win32.ActiveCfg = RelWithDebInfo|Win32
		{3F12354F-3D89-364D-86A2-5EECFC671EE1}.RelWithDebInfo|Win32.Build.0 = RelWithDebInfo|Win32
		{3C5A4232-31F6-3E07-82C3-0B90D99518E3}.Debug|Win32.ActiveCfg = Debug|Win32
		{3C5A4232-31F6-3E07-82C3-0B90D99518E3}.Release|Win32.ActiveCfg = Release|Win32
		{3C5A4232-31F6-3E07-82C3-0B90D99518E3}.MinSizeRel|Win32.ActiveCfg = MinSizeRel|Win32
		{3C5A4232-31F6-3E07-82C3-0B90D99518E3}.RelWithDebInfo|Win32.ActiveCfg = RelWithDebInfo|Win32
		{F0F35450-D81F-3CD7-AC5A-A8DEBCA18A0A}.Debug|Win32.ActiveCfg = Debug|Win32
		{F0F35450-D81F-3CD7-AC5A-A8DEBCA18A0A}.Debug|Win32.Build.0 = Debug|Win32
		{F0F35450-D81F-3CD7-AC5A-A8DEBCA18A0A}.Release|Win32.ActiveCfg = Release|Win32
		{F0F35450-D81F-3CD7-AC5A-A8DEBCA18A0A}.Release|Win32.Build.0 = Release|Win32
		{F0F35450-D81F-3CD7-AC5A-A8DEBCA18A0A}.MinSizeRel|Win32.ActiveCfg = MinSizeRel|Win32
		{F0F35450-D81F-3CD7-AC5A-A8DEBCA18A0A}.MinSizeRel|Win32.Build.0 = MinSizeRel|Win32
		{F0F35450-D81F-3CD7-AC5A-A8DEBCA18A0A}.RelWithDebInfo|Win32.ActiveCfg = RelWithDebInfo|Win32
		{F0F35450-D81F-3CD7-AC5A-A8DEBCA18A0A}.RelWithDebInfo|Win32.Build.0 = RelWithDebInfo|Win32
		{C631766E-548D-337E-8139-74E1FBB1DEB1}.Debug|Win32.ActiveCfg = Debug|Win32
		{C631766E-548D-337E-8139-74E1FBB1DEB1}.Release|Win32.ActiveCfg = Release|Win32
		{C631766E-548D-337E-8139-74E1FBB1DEB1}.MinSizeRel|Win32.ActiveCfg = MinSizeRel|Win32
		{C631766E-548D-337E-8139-74E1FBB1DEB1}.RelWithDebInfo|Win32.ActiveCfg = RelWithDebInfo|Win32
		{75A02BFA-A453-3555-9AB2-D02DDF4D6844}.Debug|Win32.ActiveCfg = Debug|Win32
		{75A02BFA-A453-3555-9AB2-D02DDF4D6844}.Debug|Win32.Build.0 = Debug|Win32
		{75A02BFA-A453-3555-9AB2-D02DDF4D6844}.Release|Win32.ActiveCfg = Release|Win32
		{75A02BFA-A453-3555-9AB2-D02DDF4D6844}.Release|Win32.Build.0 = Release|Win32
		{75A02BFA-A453-3555-9AB2-D02DDF4D6844}.MinSizeRel|Win32.ActiveCfg = MinSizeRel|Win32
		{75A02BFA-A453-3555-9AB2-D02DDF4D6844}.MinSizeRel|Win32.Build.0 = MinSizeRel|Win32
		{75A02BFA-A453-3555-9AB2-D02DDF4D6844}.RelWithDebInfo|Win32.ActiveCfg = RelWithDebInfo|Win32
		{75A02BFA-A453-3555-9AB2-D02DDF4D6844}.RelWithDebInfo|Win32.Build.0 = RelWithDebInfo|Win32
		{0BCB923B-B721-3C5B-B7D4-A134C823F0AA}.Debug|Win32.ActiveCfg = Debug|Win32
		{0BCB923B-B721-3C5B-B7D4-A134C823F0AA}.Debug|Win32.Build.0 = Debug|Win32
		{0BCB923B-B721-3C5B-B7D4-A134C823F0AA}.Release|Win32.ActiveCfg = Release|Win32
		{0BCB923B-B721-3C5B-B7D4-A134C823F0AA}.Release|Win32.Build.0 = Release|Win32
		{0BCB923B-B721-3C5B-B7D4-A134C823F0AA}.MinSizeRel|Win32.ActiveCfg = MinSizeRel|Win32
		{0BCB923B-B721-3C5B-B7D4-A134C823F0AA}.MinSizeRel|Win32.Build.0 = MinSizeRel|Win32
		{0BCB923B-B721-3C5B-B7D4-A134C823F0AA}.RelWithDebInfo|Win32.ActiveCfg = RelWithDebInfo|Win32
		{0BCB923B-B721-3C5B-B7D4-A134C823F0AA}.RelWithDebInfo|Win32.Build.0 = RelWithDebInfo|Win32
		{5E394B5F-88F0-309F-A033-5541DB350F9C}.Debug|Win32.ActiveCfg = Debug|Win32
		{5E394B5F-88F0-309F-A033-5541DB350F9C}.Debug|Win32.Build.0 = Debug|Win32
		{5E394B5F-88F0-309F-A033-5541DB350F9C}.Release|Win32.ActiveCfg = Release|Win32
		{5E394B5F-88F0-309F-A033-5541DB350F9C}.Release|Win32.Build.0 = Release|Win32
		{5E394B5F-88F0-309F-A033-5541DB350F9C}.MinSizeRel|Win32.ActiveCfg = MinSizeRel|Win32
		{5E394B5F-88F0-309F-A033-5541DB350F9C}.MinSizeRel|Win32.Build.0 = MinSizeRel|Win32
		{5E394B5F-88F0-309F-A033-5541DB350F9C}.RelWithDebInfo|Win32.ActiveCfg = RelWithDebInfo|Win32
		{5E394B5F-88F0-309F-A033-5541DB350F9C}.RelWithDebInfo|Win32.Build.0 = RelWithDebInfo|Win32
		{FF10DA8F-DEC0-3D8D-9402-6D82A4837429}.Debug|Win32.ActiveCfg = Debug|Win32
		{FF10DA8F-DEC0-3D8D-9402-6D82A4837429}.Debug|Win32.Build.0 = Debug|Win32
		{FF10DA8F-DEC0-3D8D-9402-6D82A4837429}.Release|Win32.ActiveCfg = Release|Win32
		{FF10DA8F-DEC0-3D8D-9402-6D82A4837429}.Release|Win32.Build.0 = Release|Win32
		{FF10DA8F-DEC0-3D8D-9402-6D82A4837429}.MinSizeRel|Win32.ActiveCfg = MinSizeRel|Win32
		{FF10DA8F-DEC0-3D8D-9402-6D82A4837429}.MinSizeRel|Win32.Build.0 = MinSizeRel|Win32
		{FF10DA8F-DEC0-3D8D-9402-6D82A4837429}.RelWithDebInfo|Win32.ActiveCfg = RelWithDebInfo|Win32
		{FF10DA8F-DEC0-3D8D-9402-6D82A4837429}.RelWithDebInfo|Win32.Build.0 = RelWithDebInfo|Win32
		{8519D299-DDD2-3F58-9649-9C98EF9F8FAD}.Debug|Win32.ActiveCfg = Debug|Win32
		{8519D299-DDD2-3F58-9649-9C98EF9F8FAD}.Debug|Win32.Build.0 = Debug|Win32
		{8519D299-DDD2-3F58-9649-9C98EF9F8FAD}.Release|Win32.ActiveCfg = Release|Win32
		{8519D299-DDD2-3F58-9649-9C98EF9F8FAD}.Release|Win32.Build.0 = Release|Win32
		{8519D299-DDD2-3F58-9649-9C98EF9F8FAD}.MinSizeRel|Win32.ActiveCfg = MinSizeRel|Win32
		{8519D299-DDD2-3F58-9649-9C98EF9F8FAD}.MinSizeRel|Win32.Build.0 = MinSizeRel|Win32
		{8519D299-DDD2-3F58-9649-9C98EF9F8FAD}.RelWithDebInfo|Win32.ActiveCfg = RelWithDebInfo|Win32
		{8519D299-DDD2-3F58-9649-9C98EF9F8FAD}.RelWithDebInfo|Win32.Build.0 = RelWithDebInfo|Win32
		{7A217587-D13D-3370-A5DC-A6AD3F0C7F90}.Debug|Win32.ActiveCfg = Debug|Win32
		{7A217587-D13D-3370-A5DC-A6AD3F0C7F90}.Debug|Win32.Build.0 = Debug|Win32
		{7A217587-D13D-3370-A5DC-A6AD3F0C7F90}.Release|Win32.ActiveCfg = Release|Win32
		{7A217587-D13D-3370-A5DC-A6AD3F0C7F90}.Release|Win32.Build.0 = Release|Win32
		{7A217587-D13D-3370-A5DC-A6AD3F0C7F90}.MinSizeRel|Win32.ActiveCfg = MinSizeRel|Win32
		{7A217587-D13D-3370-A5DC-A6AD3F0C7F90}.MinSizeRel|Win32.Build.0 = MinSizeRel|Win32
		{7A217587-D13D-3370-A5DC-A6AD3F0C7F90}.RelWithDebInfo|Win32.ActiveCfg = RelWithDebInfo|Win32
		{7A217587-D13D-3370-A5DC-A6AD3F0C7F90}.RelWithDebInfo|Win32.Build.0 = RelWithDebInfo|Win32
		{38FA74DC-5DD0-3E19-94BE-B991636DFF33}.Debug|Win32.ActiveCfg = Debug|Win32
		{38FA74DC-5DD0-3E19-94BE-B991636DFF33}.Debug|Win32.Build.0 = Debug|Win32
		{38FA74DC-5DD0-3E19-94BE-B991636DFF33}.Release|Win32.ActiveCfg = Release|Win32
		{38FA74DC-5DD0-3E19-94BE-B991636DFF33}.Release|Win32.Build.0 = Release|Win32
		{38FA74DC-5DD0-3E19-94BE-B991636DFF33}.MinSizeRel|Win32.ActiveCfg = MinSizeRel|Win32
		{38FA74DC-5DD0-3E19-94BE-B991636DFF33}.MinSizeRel|Win32.Build.0 = MinSizeRel|Win32
		{38FA74DC-5DD0-3E19-94BE-B991636DFF33}.RelWithDebInfo|Win32.ActiveCfg = RelWithDebInfo|Win32
		{38FA74DC-5DD0-3E19-94BE-B991636DFF33}.RelWithDebInfo|Win32.Build.0 = RelWithDebInfo|Win32
		{64C44DA8-6749-3BC9-B4E8-74B2C604D5F0}.Debug|Win32.ActiveCfg = Debug|Win32
		{64C44DA8-6749-3BC9-B4E8-74B2C604D5F0}.Debug|Win32.Build.0 = Debug|Win32
		{64C44DA8-6749-3BC9-B4E8-74B2C604D5F0}.Release|Win32.ActiveCfg = Release|Win32
		{64C44DA8-6749-3BC9-B4E8-74B2C604D5F0}.Release|Win32.Build.0 = Release|Win32
		{64C44DA8-6749-3BC9-B4E8-74B2C604D5F0}.MinSizeRel|Win32.ActiveCfg = MinSizeRel|Win32
		{64C44DA8-6749-3BC9-B4E8-74B2C604D5F0}.MinSizeRel|Win32.Build.0 = MinSizeRel|Win32
		{64C44DA8-6749-3BC9-B4E8-74B2C604D5F0}.RelWithDebInfo|Win32.ActiveCfg = RelWithDebInfo|Win32
		{64C44DA8-6749-3BC9-B4E8-74B2C604D5F0}.RelWithDebInfo|Win32.Build.0 = RelWithDebInfo|Win32
		{680799D0-A95E-3218-B756-E3AFF5E8C299}.Debug|Win32.ActiveCfg = Debug|Win32
		{680799D0-A95E-3218-B756-E3AFF5E8C299}.Debug|Win32.Build.0 = Debug|Win32
		{680799D0-A95E-3218-B756-E3AFF5E8C299}.Release|Win32.ActiveCfg = Release|Win32
		{680799D0-A95E-3218-B756-E3AFF5E8C299}.Release|Win32.Build.0 = Release|Win32
		{680799D0-A95E-3218-B756-E3AFF5E8C299}.MinSizeRel|Win32.ActiveCfg = MinSizeRel|Win32
		{680799D0-A95E-3218-B756-E3AFF5E8C299}.MinSizeRel|Win32.Build.0 = MinSizeRel|Win32
		{680799D0-A95E-3218-B756-E3AFF5E8C299}.RelWithDebInfo|Win32.ActiveCfg = RelWithDebInfo|Win32
		{680799D0-A95E-3218-B756-E3AFF5E8C299}.RelWithDebInfo|Win32.Build.0 = RelWithDebInfo|Win32
		{C6FB4A84-4B4B-3040-BB9A-EC7D542F6D81}.Debug|Win32.ActiveCfg = Debug|Win32
		{C6FB4A84-4B4B-3040-BB9A-EC7D542F6D81}.Debug|Win32.Build.0 = Debug|Win32
		{C6FB4A84-4B4B-3040-BB9A-EC7D542F6D81}.Release|Win32.ActiveCfg = Release|Win32
		{C6FB4A84-4B4B-3040-BB9A-EC7D542F6D81}.Release|Win32.Build.0 = Release|Win32
		{C6FB4A84-4B4B-3040-BB9A-EC7D542F6D81}.MinSizeRel|Win32.ActiveCfg = MinSizeRel|Win32
		{C6FB4A84-4B4B-3040-BB9A-EC7D542F6D81}.MinSizeRel|Win32.Build.0 = MinSizeRel|Win32
		{C6FB4A84-4B4B-3040-BB9A-EC7D542F6D81}.RelWithDebInfo|Win32.ActiveCfg = RelWithDebInfo|Win32
		{C6FB4A84-4B4B-3040-BB9A-EC7D542F6D81}.RelWithDebInfo|Win32.Build.0 = RelWithDebInfo|Win32
		{CB0D93FC-1E3A-3514-85CE-11DF848AB6C5}.Debug|Win32.ActiveCfg = Debug|Win32
		{CB0D93FC-1E3A-3514-85CE-11DF848AB6C5}.Debug|Win32.Build.0 = Debug|Win32
		{CB0D93FC-1E3A-3514-85CE-11DF848AB6C5}.Release|Win32.ActiveCfg = Release|Win32
		{CB0D93FC-1E3A-3514-85CE-11DF848AB6C5}.Release|Win32.Build.0 = Release|Win32
		{CB0D93FC-1E3A-3514-85CE-11DF848AB6C5}.MinSizeRel|Win32.ActiveCfg = MinSizeRel|Win32
		{CB0D93FC-1E3A-3514-85CE-11DF848AB6C5}.MinSizeRel|Win32.Build.0 = MinSizeRel|Win32
		{CB0D93FC-1E3A-3514-85CE-11DF848AB6C5}.RelWithDebInfo|Win32.ActiveCfg = RelWithDebInfo|Win32
		{CB0D93FC-1E3A-3514-85CE-11DF848AB6C5}.RelWithDebInfo|Win32.Build.0 = RelWithDebInfo|Win32
		{AD919058-A5BF-3B35-BA58-5697C92C8764}.Debug|Win32.ActiveCfg = Debug|Win32
		{AD919058-A5BF-3B35-BA58-5697C92C8764}.Debug|Win32.Build.0 = Debug|Win32
		{AD919058-A5BF-3B35-BA58-5697C92C8764}.Release|Win32.ActiveCfg = Release|Win32
		{AD919058-A5BF-3B35-BA58-5697C92C8764}.Release|Win32.Build.0 = Release|Win32
		{AD919058-A5BF-3B35-BA58-5697C92C8764}.MinSizeRel|Win32.ActiveCfg = MinSizeRel|Win32
		{AD919058-A5BF-3B35-BA58-5697C92C8764}.MinSizeRel|Win32.Build.0 = MinSizeRel|Win32
		{AD919058-A5BF-3B35-BA58-5697C92C8764}.RelWithDebInfo|Win32.ActiveCfg = RelWithDebInfo|Win32
		{AD919058-A5BF-3B35-BA58-5697C92C8764}.RelWithDebInfo|Win32.Build.0 = RelWithDebInfo|Win32
		{F1BE1FB6-1D53-3BFF-AC17-4ACA7C3F53D5}.Debug|Win32.ActiveCfg = Debug|Win32
		{F1BE1FB6-1D53-3BFF-AC17-4ACA7C3F53D5}.Debug|Win32.Build.0 = Debug|Win32
		{F1BE1FB6-1D53-3BFF-AC17-4ACA7C3F53D5}.Release|Win32.ActiveCfg = Release|Win32
		{F1BE1FB6-1D53-3BFF-AC17-4ACA7C3F53D5}.Release|Win32.Build.0 = Release|Win32
		{F1BE1FB6-1D53-3BFF-AC17-4ACA7C3F53D5}.MinSizeRel|Win32.ActiveCfg = MinSizeRel|Win32
		{F1BE1FB6-1D53-3BFF-AC17-4ACA7C3F53D5}.MinSizeRel|Win32.Build.0 = MinSizeRel|Win32
		{F1BE1FB6-1D53-3BFF-AC17-4ACA7C3F53D5}.RelWithDebInfo|Win32.ActiveCfg = RelWithDebInfo|Win32
		{F1BE1FB6-1D53-3BFF-AC17-4ACA7C3F53D5}.RelWithDebInfo|Win32.Build.0 = RelWithDebInfo|Win32
		{AFAA9D10-BECE-3D7A-AE43-2AC98CC82880}.Debug|Win32.ActiveCfg = Debug|Win32
		{AFAA9D10-BECE-3D7A-AE43-2AC98CC82880}.Debug|Win32.Build.0 = Debug|Win32
		{AFAA9D10-BECE-3D7A-AE43-2AC98CC82880}.Release|Win32.ActiveCfg = Release|Win32
		{AFAA9D10-BECE-3D7A-AE43-2AC98CC82880}.Release|Win32.Build.0 = Release|Win32
		{AFAA9D10-BECE-3D7A-AE43-2AC98CC82880}.MinSizeRel|Win32.ActiveCfg = MinSizeRel|Win32
		{AFAA9D10-BECE-3D7A-AE43-2AC98CC82880}.MinSizeRel|Win32.Build.0 = MinSizeRel|Win32
		{AFAA9D10-BECE-3D7A-AE43-2AC98CC82880}.RelWithDebInfo|Win32.ActiveCfg = RelWithDebInfo|Win32
		{AFAA9D10-BECE-3D7A-AE43-2AC98CC82880}.RelWithDebInfo|Win32.Build.0 = RelWithDebInfo|Win32
		{B7FD5690-A3B1-3753-A2C6-B97A824273FC}.Debug|Win32.ActiveCfg = Debug|Win32
		{B7FD5690-A3B1-3753-A2C6-B97A824273FC}.Debug|Win32.Build.0 = Debug|Win32
		{B7FD5690-A3B1-3753-A2C6-B97A824273FC}.Release|Win32.ActiveCfg = Release|Win32
		{B7FD5690-A3B1-3753-A2C6-B97A824273FC}.Release|Win32.Build.0 = Release|Win32
		{B7FD5690-A3B1-3753-A2C6-B97A824273FC}.MinSizeRel|Win32.ActiveCfg = MinSizeRel|Win32
		{B7FD5690-A3B1-3753-A2C6-B97A824273FC}.MinSizeRel|Win32.Build.0 = MinSizeRel|Win32
		{B7FD5690-A3B1-3753-A2C6-B97A824273FC}.RelWithDebInfo|Win32.ActiveCfg = RelWithDebInfo|Win32
		{B7FD5690-A3B1-3753-A2C6-B97A824273FC}.RelWithDebInfo|Win32.Build.0 = RelWithDebInfo|Win32
		{F3704A37-FC2E-3E30-8929-419C02887B15}.Debug|Win32.ActiveCfg = Debug|Win32
		{F3704A37-FC2E-3E30-8929-419C02887B15}.Debug|Win32.Build.0 = Debug|Win32
		{F3704A37-FC2E-3E30-8929-419C02887B15}.Release|Win32.ActiveCfg = Release|Win32
		{F3704A37-FC2E-3E30-8929-419C02887B15}.Release|Win32.Build.0 = Release|Win32
		{F3704A37-FC2E-3E30-8929-419C02887B15}.MinSizeRel|Win32.ActiveCfg = MinSizeRel|Win32
		{F3704A37-FC2E-3E30-8929-419C02887B15}.MinSizeRel|Win32.Build.0 = MinSizeRel|Win32
		{F3704A37-FC2E-3E30-8929-419C02887B15}.RelWithDebInfo|Win32.ActiveCfg = RelWithDebInfo|Win32
		{F3704A37-FC2E-3E30-8929-419C02887B15}.RelWithDebInfo|Win32.Build.0 = RelWithDebInfo|Win32
		{10A7C0AE-EC57-3EE6-99FD-2C96994309FD}.Debug|Win32.ActiveCfg = Debug|Win32
		{10A7C0AE-EC57-3EE6-99FD-2C96994309FD}.Debug|Win32.Build.0 = Debug|Win32
		{10A7C0AE-EC57-3EE6-99FD-2C96994309FD}.Release|Win32.ActiveCfg = Release|Win32
		{10A7C0AE-EC57-3EE6-99FD-2C96994309FD}.Release|Win32.Build.0 = Release|Win32
		{10A7C0AE-EC57-3EE6-99FD-2C96994309FD}.MinSizeRel|Win32.ActiveCfg = MinSizeRel|Win32
		{10A7C0AE-EC57-3EE6-99FD-2C96994309FD}.MinSizeRel|Win32.Build.0 = MinSizeRel|Win32
		{10A7C0AE-EC57-3EE6-99FD-2C96994309FD}.RelWithDebInfo|Win32.ActiveCfg = RelWithDebInfo|Win32
		{10A7C0AE-EC57-3EE6-99FD-2C96994309FD}.RelWithDebInfo|Win32.Build.0 = RelWithDebInfo|Win32
		{4F211BBC-5817-318C-851B-6940C378B9C2}.Debug|Win32.ActiveCfg = Debug|Win32
		{4F211BBC-5817-318C-851B-6940C378B9C2}.Debug|Win32.Build.0 = Debug|Win32
		{4F211BBC-5817-318C-851B-6940C378B9C2}.Release|Win32.ActiveCfg = Release|Win32
		{4F211BBC-5817-318C-851B-6940C378B9C2}.Release|Win32.Build.0 = Release|Win32
		{4F211BBC-5817-318C-851B-6940C378B9C2}.MinSizeRel|Win32.ActiveCfg = MinSizeRel|Win32
		{4F211BBC-5817-318C-851B-6940C378B9C2}.MinSizeRel|Win32.Build.0 = MinSizeRel|Win32
		{4F211BBC-5817-318C-851B-6940C378B9C2}.RelWithDebInfo|Win32.ActiveCfg = RelWithDebInfo|Win32
		{4F211BBC-5817-318C-851B-6940C378B9C2}.RelWithDebInfo|Win32.Build.0 = RelWithDebInfo|Win32
		{2AC952FA-ED5E-3AAF-AE00-A889D698D7D8}.Debug|Win32.ActiveCfg = Debug|Win32
		{2AC952FA-ED5E-3AAF-AE00-A889D698D7D8}.Debug|Win32.Build.0 = Debug|Win32
		{2AC952FA-ED5E-3AAF-AE00-A889D698D7D8}.Release|Win32.ActiveCfg = Release|Win32
		{2AC952FA-ED5E-3AAF-AE00-A889D698D7D8}.Release|Win32.Build.0 = Release|Win32
		{2AC952FA-ED5E-3AAF-AE00-A889D698D7D8}.MinSizeRel|Win32.ActiveCfg = MinSizeRel|Win32
		{2AC952FA-ED5E-3AAF-AE00-A889D698D7D8}.MinSizeRel|Win32.Build.0 = MinSizeRel|Win32
		{2AC952FA-ED5E-3AAF-AE00-A889D698D7D8}.RelWithDebInfo|Win32.ActiveCfg = RelWithDebInfo|Win32
		{2AC952FA-ED5E-3AAF-AE00-A889D698D7D8}.RelWithDebInfo|Win32.Build.0 = RelWithDebInfo|Win32
		{63E9C8CD-CB47-3F98-A780-B7162C9DB3F1}.Debug|Win32.ActiveCfg = Debug|Win32
		{63E9C8CD-CB47-3F98-A780-B7162C9DB3F1}.Debug|Win32.Build.0 = Debug|Win32
		{63E9C8CD-CB47-3F98-A780-B7162C9DB3F1}.Release|Win32.ActiveCfg = Release|Win32
		{63E9C8CD-CB47-3F98-A780-B7162C9DB3F1}.Release|Win32.Build.0 = Release|Win32
		{63E9C8CD-CB47-3F98-A780-B7162C9DB3F1}.MinSizeRel|Win32.ActiveCfg = MinSizeRel|Win32
		{63E9C8CD-CB47-3F98-A780-B7162C9DB3F1}.MinSizeRel|Win32.Build.0 = MinSizeRel|Win32
		{63E9C8CD-CB47-3F98-A780-B7162C9DB3F1}.RelWithDebInfo|Win32.ActiveCfg = RelWithDebInfo|Win32
		{63E9C8CD-CB47-3F98-A780-B7162C9DB3F1}.RelWithDebInfo|Win32.Build.0 = RelWithDebInfo|Win32
		{78594421-F9D0-36DA-B026-A2EBDF33EFF1}.Debug|Win32.ActiveCfg = Debug|Win32
		{78594421-F9D0-36DA-B026-A2EBDF33EFF1}.Debug|Win32.Build.0 = Debug|Win32
		{78594421-F9D0-36DA-B026-A2EBDF33EFF1}.Release|Win32.ActiveCfg = Release|Win32
		{78594421-F9D0-36DA-B026-A2EBDF33EFF1}.Release|Win32.Build.0 = Release|Win32
		{78594421-F9D0-36DA-B026-A2EBDF33EFF1}.MinSizeRel|Win32.ActiveCfg = MinSizeRel|Win32
		{78594421-F9D0-36DA-B026-A2EBDF33EFF1}.MinSizeRel|Win32.Build.0 = MinSizeRel|Win32
		{78594421-F9D0-36DA-B026-A2EBDF33EFF1}.RelWithDebInfo|Win32.ActiveCfg = RelWithDebInfo|Win32
		{78594421-F9D0-36DA-B026-A2EBDF33EFF1}.RelWithDebInfo|Win32.Build.0 = RelWithDebInfo|Win32
		{CE4285BE-3FDE-3BF3-AF53-1F9968E6495C}.Debug|Win32.ActiveCfg = Debug|Win32
		{CE4285BE-3FDE-3BF3-AF53-1F9968E6495C}.Debug|Win32.Build.0 = Debug|Win32
		{CE4285BE-3FDE-3BF3-AF53-1F9968E6495C}.Release|Win32.ActiveCfg = Release|Win32
		{CE4285BE-3FDE-3BF3-AF53-1F9968E6495C}.Release|Win32.Build.0 = Release|Win32
		{CE4285BE-3FDE-3BF3-AF53-1F9968E6495C}.MinSizeRel|Win32.ActiveCfg = MinSizeRel|Win32
		{CE4285BE-3FDE-3BF3-AF53-1F9968E6495C}.MinSizeRel|Win32.Build.0 = MinSizeRel|Win32
		{CE4285BE-3FDE-3BF3-AF53-1F9968E6495C}.RelWithDebInfo|Win32.ActiveCfg = RelWithDebInfo|Win32
		{CE4285BE-3FDE-3BF3-AF53-1F9968E6495C}.RelWithDebInfo|Win32.Build.0 = RelWithDebInfo|Win32
		{07D06DEA-8EF0-3982-84CF-28F2B99D3460}.Debug|Win32.ActiveCfg = Debug|Win32
		{07D06DEA-8EF0-3982-84CF-28F2B99D3460}.Debug|Win32.Build.0 = Debug|Win32
		{07D06DEA-8EF0-3982-84CF-28F2B99D3460}.Release|Win32.ActiveCfg = Release|Win32
		{07D06DEA-8EF0-3982-84CF-28F2B99D3460}.Release|Win32.Build.0 = Release|Win32
		{07D06DEA-8EF0-3982-84CF-28F2B99D3460}.MinSizeRel|Win32.ActiveCfg = MinSizeRel|Win32
		{07D06DEA-8EF0-3982-84CF-28F2B99D3460}.MinSizeRel|Win32.Build.0 = MinSizeRel|Win32
		{07D06DEA-8EF0-3982-84CF-28F2B99D3460}.RelWithDebInfo|Win32.ActiveCfg = RelWithDebInfo|Win32
		{07D06DEA-8EF0-3982-84CF-28F2B99D3460}.RelWithDebInfo|Win32.Build.0 = RelWithDebInfo|Win32
		{B4E798BF-EEEC-3BF1-AEE6-47BCAE42E65A}.Debug|Win32.ActiveCfg = Debug|Win32
		{B4E798BF-EEEC-3BF1-AEE6-47BCAE42E65A}.Debug|Win32.Build.0 = Debug|Win32
		{B4E798BF-EEEC-3BF1-AEE6-47BCAE42E65A}.Release|Win32.ActiveCfg = Release|Win32
		{B4E798BF-EEEC-3BF1-AEE6-47BCAE42E65A}.Release|Win32.Build.0 = Release|Win32
		{B4E798BF-EEEC-3BF1-AEE6-47BCAE42E65A}.MinSizeRel|Win32.ActiveCfg = MinSizeRel|Win32
		{B4E798BF-EEEC-3BF1-AEE6-47BCAE42E65A}.MinSizeRel|Win32.Build.0 = MinSizeRel|Win32
		{B4E798BF-EEEC-3BF1-AEE6-47BCAE42E65A}.RelWithDebInfo|Win32.ActiveCfg = RelWithDebInfo|Win32
		{B4E798BF-EEEC-3BF1-AEE6-47BCAE42E65A}.RelWithDebInfo|Win32.Build.0 = RelWithDebInfo|Win32
		{43E59E3B-AEFA-3168-B2CB-81B58F4CD3AB}.Debug|Win32.ActiveCfg = Debug|Win32
		{43E59E3B-AEFA-3168-B2CB-81B58F4CD3AB}.Debug|Win32.Build.0 = Debug|Win32
		{43E59E3B-AEFA-3168-B2CB-81B58F4CD3AB}.Release|Win32.ActiveCfg = Release|Win32
		{43E59E3B-AEFA-3168-B2CB-81B58F4CD3AB}.Release|Win32.Build.0 = Release|Win32
		{43E59E3B-AEFA-3168-B2CB-81B58F4CD3AB}.MinSizeRel|Win32.ActiveCfg = MinSizeRel|Win32
		{43E59E3B-AEFA-3168-B2CB-81B58F4CD3AB}.MinSizeRel|Win32.Build.0 = MinSizeRel|Win32
		{43E59E3B-AEFA-3168-B2CB-81B58F4CD3AB}.RelWithDebInfo|Win32.ActiveCfg = RelWithDebInfo|Win32
		{43E59E3B-AEFA-3168-B2CB-81B58F4CD3AB}.RelWithDebInfo|Win32.Build.0 = RelWithDebInfo|Win32
		{AD3FAF30-4CAF-35C4-8945-5644B9921F3A}.Debug|Win32.ActiveCfg = Debug|Win32
		{AD3FAF30-4CAF-35C4-8945-5644B9921F3A}.Debug|Win32.Build.0 = Debug|Win32
		{AD3FAF30-4CAF-35C4-8945-5644B9921F3A}.Release|Win32.ActiveCfg = Release|Win32
		{AD3FAF30-4CAF-35C4-8945-5644B9921F3A}.Release|Win32.Build.0 = Release|Win32
		{AD3FAF30-4CAF-35C4-8945-5644B9921F3A}.MinSizeRel|Win32.ActiveCfg = MinSizeRel|Win32
		{AD3FAF30-4CAF-35C4-8945-5644B9921F3A}.MinSizeRel|Win32.Build.0 = MinSizeRel|Win32
		{AD3FAF30-4CAF-35C4-8945-5644B9921F3A}.RelWithDebInfo|Win32.ActiveCfg = RelWithDebInfo|Win32
		{AD3FAF30-4CAF-35C4-8945-5644B9921F3A}.RelWithDebInfo|Win32.Build.0 = RelWithDebInfo|Win32
		{34822D6C-4C74-3516-802A-761C136878B0}.Debug|Win32.ActiveCfg = Debug|Win32
		{34822D6C-4C74-3516-802A-761C136878B0}.Debug|Win32.Build.0 = Debug|Win32
		{34822D6C-4C74-3516-802A-761C136878B0}.Release|Win32.ActiveCfg = Release|Win32
		{34822D6C-4C74-3516-802A-761C136878B0}.Release|Win32.Build.0 = Release|Win32
		{34822D6C-4C74-3516-802A-761C136878B0}.MinSizeRel|Win32.ActiveCfg = MinSizeRel|Win32
		{34822D6C-4C74-3516-802A-761C136878B0}.MinSizeRel|Win32.Build.0 = MinSizeRel|Win32
		{34822D6C-4C74-3516-802A-761C136878B0}.RelWithDebInfo|Win32.ActiveCfg = RelWithDebInfo|Win32
		{34822D6C-4C74-3516-802A-761C136878B0}.RelWithDebInfo|Win32.Build.0 = RelWithDebInfo|Win32
		{2296027C-F08A-3982-A54F-A5E1393C2954}.Debug|Win32.ActiveCfg = Debug|Win32
		{2296027C-F08A-3982-A54F-A5E1393C2954}.Debug|Win32.Build.0 = Debug|Win32
		{2296027C-F08A-3982-A54F-A5E1393C2954}.Release|Win32.ActiveCfg = Release|Win32
		{2296027C-F08A-3982-A54F-A5E1393C2954}.Release|Win32.Build.0 = Release|Win32
		{2296027C-F08A-3982-A54F-A5E1393C2954}.MinSizeRel|Win32.ActiveCfg = MinSizeRel|Win32
		{2296027C-F08A-3982-A54F-A5E1393C2954}.MinSizeRel|Win32.Build.0 = MinSizeRel|Win32
		{2296027C-F08A-3982-A54F-A5E1393C2954}.RelWithDebInfo|Win32.ActiveCfg = RelWithDebInfo|Win32
		{2296027C-F08A-3982-A54F-A5E1393C2954}.RelWithDebInfo|Win32.Build.0 = RelWithDebInfo|Win32
		{82D4CD62-A7F7-3951-9DB6-DB14A4B16907}.Debug|Win32.ActiveCfg = Debug|Win32
		{82D4CD62-A7F7-3951-9DB6-DB14A4B16907}.Debug|Win32.Build.0 = Debug|Win32
		{82D4CD62-A7F7-3951-9DB6-DB14A4B16907}.Release|Win32.ActiveCfg = Release|Win32
		{82D4CD62-A7F7-3951-9DB6-DB14A4B16907}.Release|Win32.Build.0 = Release|Win32
		{82D4CD62-A7F7-3951-9DB6-DB14A4B16907}.MinSizeRel|Win32.ActiveCfg = MinSizeRel|Win32
		{82D4CD62-A7F7-3951-9DB6-DB14A4B16907}.MinSizeRel|Win32.Build.0 = MinSizeRel|Win32
		{82D4CD62-A7F7-3951-9DB6-DB14A4B16907}.RelWithDebInfo|Win32.ActiveCfg = RelWithDebInfo|Win32
		{82D4CD62-A7F7-3951-9DB6-DB14A4B16907}.RelWithDebInfo|Win32.Build.0 = RelWithDebInfo|Win32
		{38AF54FD-3643-3863-878A-FA75E2F6DCB2}.Debug|Win32.ActiveCfg = Debug|Win32
		{38AF54FD-3643-3863-878A-FA75E2F6DCB2}.Debug|Win32.Build.0 = Debug|Win32
		{38AF54FD-3643-3863-878A-FA75E2F6DCB2}.Release|Win32.ActiveCfg = Release|Win32
		{38AF54FD-3643-3863-878A-FA75E2F6DCB2}.Release|Win32.Build.0 = Release|Win32
		{38AF54FD-3643-3863-878A-FA75E2F6DCB2}.MinSizeRel|Win32.ActiveCfg = MinSizeRel|Win32
		{38AF54FD-3643-3863-878A-FA75E2F6DCB2}.MinSizeRel|Win32.Build.0 = MinSizeRel|Win32
		{38AF54FD-3643-3863-878A-FA75E2F6DCB2}.RelWithDebInfo|Win32.ActiveCfg = RelWithDebInfo|Win32
		{38AF54FD-3643-3863-878A-FA75E2F6DCB2}.RelWithDebInfo|Win32.Build.0 = RelWithDebInfo|Win32
		{74934CB2-1796-3CF5-9475-95D8C1088000}.Debug|Win32.ActiveCfg = Debug|Win32
		{74934CB2-1796-3CF5-9475-95D8C1088000}.Debug|Win32.Build.0 = Debug|Win32
		{74934CB2-1796-3CF5-9475-95D8C1088000}.Release|Win32.ActiveCfg = Release|Win32
		{74934CB2-1796-3CF5-9475-95D8C1088000}.Release|Win32.Build.0 = Release|Win32
		{74934CB2-1796-3CF5-9475-95D8C1088000}.MinSizeRel|Win32.ActiveCfg = MinSizeRel|Win32
		{74934CB2-1796-3CF5-9475-95D8C1088000}.MinSizeRel|Win32.Build.0 = MinSizeRel|Win32
		{74934CB2-1796-3CF5-9475-95D8C1088000}.RelWithDebInfo|Win32.ActiveCfg = RelWithDebInfo|Win32
		{74934CB2-1796-3CF5-9475-95D8C1088000}.RelWithDebInfo|Win32.Build.0 = RelWithDebInfo|Win32
		{5856EFBE-3F6A-37E6-BF00-678FA754E505}.Debug|Win32.ActiveCfg = Debug|Win32
		{5856EFBE-3F6A-37E6-BF00-678FA754E505}.Debug|Win32.Build.0 = Debug|Win32
		{5856EFBE-3F6A-37E6-BF00-678FA754E505}.Release|Win32.ActiveCfg = Release|Win32
		{5856EFBE-3F6A-37E6-BF00-678FA754E505}.Release|Win32.Build.0 = Release|Win32
		{5856EFBE-3F6A-37E6-BF00-678FA754E505}.MinSizeRel|Win32.ActiveCfg = MinSizeRel|Win32
		{5856EFBE-3F6A-37E6-BF00-678FA754E505}.MinSizeRel|Win32.Build.0 = MinSizeRel|Win32
		{5856EFBE-3F6A-37E6-BF00-678FA754E505}.RelWithDebInfo|Win32.ActiveCfg = RelWithDebInfo|Win32
		{5856EFBE-3F6A-37E6-BF00-678FA754E505}.RelWithDebInfo|Win32.Build.0 = RelWithDebInfo|Win32
		{021F00A2-B2A9-308A-8F95-64D9195D0D5A}.Debug|Win32.ActiveCfg = Debug|Win32
		{021F00A2-B2A9-308A-8F95-64D9195D0D5A}.Debug|Win32.Build.0 = Debug|Win32
		{021F00A2-B2A9-308A-8F95-64D9195D0D5A}.Release|Win32.ActiveCfg = Release|Win32
		{021F00A2-B2A9-308A-8F95-64D9195D0D5A}.Release|Win32.Build.0 = Release|Win32
		{021F00A2-B2A9-308A-8F95-64D9195D0D5A}.MinSizeRel|Win32.ActiveCfg = MinSizeRel|Win32
		{021F00A2-B2A9-308A-8F95-64D9195D0D5A}.MinSizeRel|Win32.Build.0 = MinSizeRel|Win32
		{021F00A2-B2A9-308A-8F95-64D9195D0D5A}.RelWithDebInfo|Win32.ActiveCfg = RelWithDebInfo|Win32
		{021F00A2-B2A9-308A-8F95-64D9195D0D5A}.RelWithDebInfo|Win32.Build.0 = RelWithDebInfo|Win32
		{34566AE2-6BFD-3CFD-B41B-AF51DDDE4461}.Debug|Win32.ActiveCfg = Debug|Win32
		{34566AE2-6BFD-3CFD-B41B-AF51DDDE4461}.Debug|Win32.Build.0 = Debug|Win32
		{34566AE2-6BFD-3CFD-B41B-AF51DDDE4461}.Release|Win32.ActiveCfg = Release|Win32
		{34566AE2-6BFD-3CFD-B41B-AF51DDDE4461}.Release|Win32.Build.0 = Release|Win32
		{34566AE2-6BFD-3CFD-B41B-AF51DDDE4461}.MinSizeRel|Win32.ActiveCfg = MinSizeRel|Win32
		{34566AE2-6BFD-3CFD-B41B-AF51DDDE4461}.MinSizeRel|Win32.Build.0 = MinSizeRel|Win32
		{34566AE2-6BFD-3CFD-B41B-AF51DDDE4461}.RelWithDebInfo|Win32.ActiveCfg = RelWithDebInfo|Win32
		{34566AE2-6BFD-3CFD-B41B-AF51DDDE4461}.RelWithDebInfo|Win32.Build.0 = RelWithDebInfo|Win32
		{ECB6225B-17FD-3BBC-B511-221B0B0BE543}.Debug|Win32.ActiveCfg = Debug|Win32
		{ECB6225B-17FD-3BBC-B511-221B0B0BE543}.Debug|Win32.Build.0 = Debug|Win32
		{ECB6225B-17FD-3BBC-B511-221B0B0BE543}.Release|Win32.ActiveCfg = Release|Win32
		{ECB6225B-17FD-3BBC-B511-221B0B0BE543}.Release|Win32.Build.0 = Release|Win32
		{ECB6225B-17FD-3BBC-B511-221B0B0BE543}.MinSizeRel|Win32.ActiveCfg = MinSizeRel|Win32
		{ECB6225B-17FD-3BBC-B511-221B0B0BE543}.MinSizeRel|Win32.Build.0 = MinSizeRel|Win32
		{ECB6225B-17FD-3BBC-B511-221B0B0BE543}.RelWithDebInfo|Win32.ActiveCfg = RelWithDebInfo|Win32
		{ECB6225B-17FD-3BBC-B511-221B0B0BE543}.RelWithDebInfo|Win32.Build.0 = RelWithDebInfo|Win32
		{0E8C8CEA-FC21-37AD-9B93-77C8998B19BB}.Debug|Win32.ActiveCfg = Debug|Win32
		{0E8C8CEA-FC21-37AD-9B93-77C8998B19BB}.Debug|Win32.Build.0 = Debug|Win32
		{0E8C8CEA-FC21-37AD-9B93-77C8998B19BB}.Release|Win32.ActiveCfg = Release|Win32
		{0E8C8CEA-FC21-37AD-9B93-77C8998B19BB}.Release|Win32.Build.0 = Release|Win32
		{0E8C8CEA-FC21-37AD-9B93-77C8998B19BB}.MinSizeRel|Win32.ActiveCfg = MinSizeRel|Win32
		{0E8C8CEA-FC21-37AD-9B93-77C8998B19BB}.MinSizeRel|Win32.Build.0 = MinSizeRel|Win32
		{0E8C8CEA-FC21-37AD-9B93-77C8998B19BB}.RelWithDebInfo|Win32.ActiveCfg = RelWithDebInfo|Win32
		{0E8C8CEA-FC21-37AD-9B93-77C8998B19BB}.RelWithDebInfo|Win32.Build.0 = RelWithDebInfo|Win32
		{B8F12F88-A998-3BC7-AD8E-A8F946658747}.Debug|Win32.ActiveCfg = Debug|Win32
		{B8F12F88-A998-3BC7-AD8E-A8F946658747}.Debug|Win32.Build.0 = Debug|Win32
		{B8F12F88-A998-3BC7-AD8E-A8F946658747}.Release|Win32.ActiveCfg = Release|Win32
		{B8F12F88-A998-3BC7-AD8E-A8F946658747}.Release|Win32.Build.0 = Release|Win32
		{B8F12F88-A998-3BC7-AD8E-A8F946658747}.MinSizeRel|Win32.ActiveCfg = MinSizeRel|Win32
		{B8F12F88-A998-3BC7-AD8E-A8F946658747}.MinSizeRel|Win32.Build.0 = MinSizeRel|Win32
		{B8F12F88-A998-3BC7-AD8E-A8F946658747}.RelWithDebInfo|Win32.ActiveCfg = RelWithDebInfo|Win32
		{B8F12F88-A998-3BC7-AD8E-A8F946658747}.RelWithDebInfo|Win32.Build.0 = RelWithDebInfo|Win32
		{29EB4D9E-D55C-3C97-B90B-CD405290F970}.Debug|Win32.ActiveCfg = Debug|Win32
		{29EB4D9E-D55C-3C97-B90B-CD405290F970}.Debug|Win32.Build.0 = Debug|Win32
		{29EB4D9E-D55C-3C97-B90B-CD405290F970}.Release|Win32.ActiveCfg = Release|Win32
		{29EB4D9E-D55C-3C97-B90B-CD405290F970}.Release|Win32.Build.0 = Release|Win32
		{29EB4D9E-D55C-3C97-B90B-CD405290F970}.MinSizeRel|Win32.ActiveCfg = MinSizeRel|Win32
		{29EB4D9E-D55C-3C97-B90B-CD405290F970}.MinSizeRel|Win32.Build.0 = MinSizeRel|Win32
		{29EB4D9E-D55C-3C97-B90B-CD405290F970}.RelWithDebInfo|Win32.ActiveCfg = RelWithDebInfo|Win32
		{29EB4D9E-D55C-3C97-B90B-CD405290F970}.RelWithDebInfo|Win32.Build.0 = RelWithDebInfo|Win32
		{207FBDD7-5B8C-3E76-94A5-909D802723A9}.Debug|Win32.ActiveCfg = Debug|Win32
		{207FBDD7-5B8C-3E76-94A5-909D802723A9}.Debug|Win32.Build.0 = Debug|Win32
		{207FBDD7-5B8C-3E76-94A5-909D802723A9}.Release|Win32.ActiveCfg = Release|Win32
		{207FBDD7-5B8C-3E76-94A5-909D802723A9}.Release|Win32.Build.0 = Release|Win32
		{207FBDD7-5B8C-3E76-94A5-909D802723A9}.MinSizeRel|Win32.ActiveCfg = MinSizeRel|Win32
		{207FBDD7-5B8C-3E76-94A5-909D802723A9}.MinSizeRel|Win32.Build.0 = MinSizeRel|Win32
		{207FBDD7-5B8C-3E76-94A5-909D802723A9}.RelWithDebInfo|Win32.ActiveCfg = RelWithDebInfo|Win32
		{207FBDD7-5B8C-3E76-94A5-909D802723A9}.RelWithDebInfo|Win32.Build.0 = RelWithDebInfo|Win32
		{6525FA04-AEC6-37C9-B03E-8593A6E313D5}.Debug|Win32.ActiveCfg = Debug|Win32
		{6525FA04-AEC6-37C9-B03E-8593A6E313D5}.Debug|Win32.Build.0 = Debug|Win32
		{6525FA04-AEC6-37C9-B03E-8593A6E313D5}.Release|Win32.ActiveCfg = Release|Win32
		{6525FA04-AEC6-37C9-B03E-8593A6E313D5}.Release|Win32.Build.0 = Release|Win32
		{6525FA04-AEC6-37C9-B03E-8593A6E313D5}.MinSizeRel|Win32.ActiveCfg = MinSizeRel|Win32
		{6525FA04-AEC6-37C9-B03E-8593A6E313D5}.MinSizeRel|Win32.Build.0 = MinSizeRel|Win32
		{6525FA04-AEC6-37C9-B03E-8593A6E313D5}.RelWithDebInfo|Win32.ActiveCfg = RelWithDebInfo|Win32
		{6525FA04-AEC6-37C9-B03E-8593A6E313D5}.RelWithDebInfo|Win32.Build.0 = RelWithDebInfo|Win32
		{1E33A401-1E26-3115-983B-61CB72F6DCA8}.Debug|Win32.ActiveCfg = Debug|Win32
		{1E33A401-1E26-3115-983B-61CB72F6DCA8}.Debug|Win32.Build.0 = Debug|Win32
		{1E33A401-1E26-3115-983B-61CB72F6DCA8}.Release|Win32.ActiveCfg = Release|Win32
		{1E33A401-1E26-3115-983B-61CB72F6DCA8}.Release|Win32.Build.0 = Release|Win32
		{1E33A401-1E26-3115-983B-61CB72F6DCA8}.MinSizeRel|Win32.ActiveCfg = MinSizeRel|Win32
		{1E33A401-1E26-3115-983B-61CB72F6DCA8}.MinSizeRel|Win32.Build.0 = MinSizeRel|Win32
		{1E33A401-1E26-3115-983B-61CB72F6DCA8}.RelWithDebInfo|Win32.ActiveCfg = RelWithDebInfo|Win32
		{1E33A401-1E26-3115-983B-61CB72F6DCA8}.RelWithDebInfo|Win32.Build.0 = RelWithDebInfo|Win32
		{63168FFE-9D37-381B-932C-9A1431624769}.Debug|Win32.ActiveCfg = Debug|Win32
		{63168FFE-9D37-381B-932C-9A1431624769}.Debug|Win32.Build.0 = Debug|Win32
		{63168FFE-9D37-381B-932C-9A1431624769}.Release|Win32.ActiveCfg = Release|Win32
		{63168FFE-9D37-381B-932C-9A1431624769}.Release|Win32.Build.0 = Release|Win32
		{63168FFE-9D37-381B-932C-9A1431624769}.MinSizeRel|Win32.ActiveCfg = MinSizeRel|Win32
		{63168FFE-9D37-381B-932C-9A1431624769}.MinSizeRel|Win32.Build.0 = MinSizeRel|Win32
		{63168FFE-9D37-381B-932C-9A1431624769}.RelWithDebInfo|Win32.ActiveCfg = RelWithDebInfo|Win32
		{63168FFE-9D37-381B-932C-9A1431624769}.RelWithDebInfo|Win32.Build.0 = RelWithDebInfo|Win32
		{FC7596FC-95D3-3867-95FF-D2986EBABB21}.Debug|Win32.ActiveCfg = Debug|Win32
		{FC7596FC-95D3-3867-95FF-D2986EBABB21}.Debug|Win32.Build.0 = Debug|Win32
		{FC7596FC-95D3-3867-95FF-D2986EBABB21}.Release|Win32.ActiveCfg = Release|Win32
		{FC7596FC-95D3-3867-95FF-D2986EBABB21}.Release|Win32.Build.0 = Release|Win32
		{FC7596FC-95D3-3867-95FF-D2986EBABB21}.MinSizeRel|Win32.ActiveCfg = MinSizeRel|Win32
		{FC7596FC-95D3-3867-95FF-D2986EBABB21}.MinSizeRel|Win32.Build.0 = MinSizeRel|Win32
		{FC7596FC-95D3-3867-95FF-D2986EBABB21}.RelWithDebInfo|Win32.ActiveCfg = RelWithDebInfo|Win32
		{FC7596FC-95D3-3867-95FF-D2986EBABB21}.RelWithDebInfo|Win32.Build.0 = RelWithDebInfo|Win32
		{D94D9A2C-3BAB-36F2-B57E-5B497D7A4A41}.Debug|Win32.ActiveCfg = Debug|Win32
		{D94D9A2C-3BAB-36F2-B57E-5B497D7A4A41}.Debug|Win32.Build.0 = Debug|Win32
		{D94D9A2C-3BAB-36F2-B57E-5B497D7A4A41}.Release|Win32.ActiveCfg = Release|Win32
		{D94D9A2C-3BAB-36F2-B57E-5B497D7A4A41}.Release|Win32.Build.0 = Release|Win32
		{D94D9A2C-3BAB-36F2-B57E-5B497D7A4A41}.MinSizeRel|Win32.ActiveCfg = MinSizeRel|Win32
		{D94D9A2C-3BAB-36F2-B57E-5B497D7A4A41}.MinSizeRel|Win32.Build.0 = MinSizeRel|Win32
		{D94D9A2C-3BAB-36F2-B57E-5B497D7A4A41}.RelWithDebInfo|Win32.ActiveCfg = RelWithDebInfo|Win32
		{D94D9A2C-3BAB-36F2-B57E-5B497D7A4A41}.RelWithDebInfo|Win32.Build.0 = RelWithDebInfo|Win32
	EndGlobalSection
	GlobalSection(ExtensibilityGlobals) = postSolution
	EndGlobalSection
	GlobalSection(ExtensibilityAddIns) = postSolution
	EndGlobalSection
EndGlobal
